
Microsoft Visual Studio Solution File, Format Version 12.00
# Visual Studio Version 16
VisualStudioVersion = 16.0.30104.148
MinimumVisualStudioVersion = 10.0.40219.1
Project("{FAE04EC0-301F-11D3-BF4B-00C04F79EFBC}") = "TreesDatabase", "TreesDatabase.csproj", "{C5988056-CBAD-4069-8B0C-843415E3E87E}"
EndProject
Project("{FAE04EC0-301F-11D3-BF4B-00C04F79EFBC}") = "TreesDatabase.Models", "..\TreesDatabase.Models\TreesDatabase.Models.csproj", "{E1A6301D-2850-4AA5-BE76-F91586DAA416}"
EndProject
Global
	GlobalSection(SolutionConfigurationPlatforms) = preSolution
		Debug|Any CPU = Debug|Any CPU
		Release|Any CPU = Release|Any CPU
	EndGlobalSection
	GlobalSection(ProjectConfigurationPlatforms) = postSolution
		{C5988056-CBAD-4069-8B0C-843415E3E87E}.Debug|Any CPU.ActiveCfg = Debug|Any CPU
		{C5988056-CBAD-4069-8B0C-843415E3E87E}.Debug|Any CPU.Build.0 = Debug|Any CPU
		{C5988056-CBAD-4069-8B0C-843415E3E87E}.Release|Any CPU.ActiveCfg = Release|Any CPU
		{C5988056-CBAD-4069-8B0C-843415E3E87E}.Release|Any CPU.Build.0 = Release|Any CPU
		{E1A6301D-2850-4AA5-BE76-F91586DAA416}.Debug|Any CPU.ActiveCfg = Debug|Any CPU
		{E1A6301D-2850-4AA5-BE76-F91586DAA416}.Debug|Any CPU.Build.0 = Debug|Any CPU
		{E1A6301D-2850-4AA5-BE76-F91586DAA416}.Release|Any CPU.ActiveCfg = Release|Any CPU
		{E1A6301D-2850-4AA5-BE76-F91586DAA416}.Release|Any CPU.Build.0 = Release|Any CPU
	EndGlobalSection
	GlobalSection(SolutionProperties) = preSolution
		HideSolutionNode = FALSE
	EndGlobalSection
	GlobalSection(ExtensibilityGlobals) = postSolution
		SolutionGuid = {AAD4F5D8-1452-4887-9CCA-31B45924D480}
	EndGlobalSection
EndGlobal
